
Microsoft Visual Studio Solution File, Format Version 12.00
# Visual Studio Version 17
VisualStudioVersion = 17.0.31903.59
MinimumVisualStudioVersion = 10.0.40219.1
Project("{FAE04EC0-301F-11D3-BF4B-00C04F79EFBC}") = "UnitTestGeneration.Easy.App", "UnitTestGeneration.Easy.App\UnitTestGeneration.Easy.App.csproj", "{616AF00B-E806-402D-8188-3189365DFE62}"
EndProject
Project("{FAE04EC0-301F-11D3-BF4B-00C04F79EFBC}") = "UnitTestGeneration.Moderate.App", "UnitTestGeneration.Moderate.App\UnitTestGeneration.Moderate.App.csproj", "{9878C3F4-107D-4923-8278-4D5A82BEFC44}"
EndProject
Project("{FAE04EC0-301F-11D3-BF4B-00C04F79EFBC}") = "UnitTestGeneration.Difficult.App", "UnitTestGeneration.Difficult.App\UnitTestGeneration.Difficult.App.csproj", "{907B7A61-0901-4FC3-BA3D-F318AEF64A98}"
EndProject
Project("{FAE04EC0-301F-11D3-BF4B-00C04F79EFBC}") = "UnitTestGeneration.Easy.Tests", "UnitTestGeneration.Easy.Tests\UnitTestGeneration.Easy.Tests.csproj", "{BC683689-9E7C-4426-849B-1FA31C521E83}"
EndProject
Project("{FAE04EC0-301F-11D3-BF4B-00C04F79EFBC}") = "UnitTestGeneration.Moderate.Tests", "UnitTestGeneration.Moderate.Tests\UnitTestGeneration.Moderate.Tests.csproj", "{885A41DD-8699-4FC1-BD27-69E5011BCA69}"
EndProject
Project("{FAE04EC0-301F-11D3-BF4B-00C04F79EFBC}") = "UnitTestGeneration.Difficult.Tests", "UnitTestGeneration.Difficult.Tests\UnitTestGeneration.Difficult.Tests.csproj", "{821FDBE2-8522-4C66-A7D5-45F954DF2B81}"
EndProject
Project("{FAE04EC0-301F-11D3-BF4B-00C04F79EFBC}") = "UnitTestGeneration.Easy.Tests.Gemini", "UnitTestGeneration.Easy.Tests.Gemini\UnitTestGeneration.Easy.Tests.Gemini.csproj", "{F9A87992-0446-44EB-A841-351FE0FCE1B3}"
EndProject
Project("{FAE04EC0-301F-11D3-BF4B-00C04F79EFBC}") = "UnitTestGeneration.Easy.Tests.ChatGPT", "UnitTestGeneration.Easy.Tests.ChatGPT\UnitTestGeneration.Easy.Tests.ChatGPT.csproj", "{9C287B39-D45A-4DEF-94EF-F8E70EB2736D}"
EndProject
Project("{FAE04EC0-301F-11D3-BF4B-00C04F79EFBC}") = "UnitTestGeneration.Easy.Tests.Cloude", "UnitTestGeneration.Easy.Tests.Cloude\UnitTestGeneration.Easy.Tests.Cloude.csproj", "{4289AA3E-3001-498F-84AE-33C9862F5D29}"
EndProject
Project("{FAE04EC0-301F-11D3-BF4B-00C04F79EFBC}") = "UnitTestGeneration.Moderate.Tests.Gemini", "UnitTestGeneration.Moderate.Tests.Gemini\UnitTestGeneration.Moderate.Tests.Gemini.csproj", "{6AADFB04-1B28-4711-9AE8-5DDEF8114438}"
EndProject
Project("{FAE04EC0-301F-11D3-BF4B-00C04F79EFBC}") = "UnitTestGeneration.Moderate.Tests.ChatGPT", "UnitTestGeneration.Moderate.Tests.ChatGPT\UnitTestGeneration.Moderate.Tests.ChatGPT.csproj", "{2CD262F9-7568-4988-9CC7-0A455F257B76}"
EndProject
Project("{FAE04EC0-301F-11D3-BF4B-00C04F79EFBC}") = "UnitTestGeneration.Moderate.Tests.Cloude", "UnitTestGeneration.Moderate.Tests.Cloude\UnitTestGeneration.Moderate.Tests.Cloude.csproj", "{F3E5CC8D-94F7-406A-A5E7-DB77873EC6E7}"
EndProject
Project("{FAE04EC0-301F-11D3-BF4B-00C04F79EFBC}") = "UnitTestGeneration.Difficult.Tests.Gemini", "UnitTestGeneration.Difficult.Tests.Gemini\UnitTestGeneration.Difficult.Tests.Gemini.csproj", "{7495BF9C-AEA8-414C-A628-8515287CF885}"
EndProject
Project("{FAE04EC0-301F-11D3-BF4B-00C04F79EFBC}") = "UnitTestGeneration.Difficult.Tests.Cloude", "UnitTestGeneration.Difficult.Tests.Cloude\UnitTestGeneration.Difficult.Tests.Cloude.csproj", "{1D88D930-A22C-423E-90F5-8BF1B112F33C}"
EndProject
Project("{FAE04EC0-301F-11D3-BF4B-00C04F79EFBC}") = "UnitTestGeneration.Difficult.Tests.ChatGPT", "UnitTestGeneration.Difficult.Tests.ChatGPT\UnitTestGeneration.Difficult.Tests.ChatGPT.csproj", "{2D2535F1-1BF1-4EE5-BD83-0BDC8481C434}"
EndProject
Global
	GlobalSection(SolutionConfigurationPlatforms) = preSolution
		Debug|Any CPU = Debug|Any CPU
		Release|Any CPU = Release|Any CPU
	EndGlobalSection
	GlobalSection(SolutionProperties) = preSolution
		HideSolutionNode = FALSE
	EndGlobalSection
	GlobalSection(ProjectConfigurationPlatforms) = postSolution
		{616AF00B-E806-402D-8188-3189365DFE62}.Debug|Any CPU.ActiveCfg = Debug|Any CPU
		{616AF00B-E806-402D-8188-3189365DFE62}.Debug|Any CPU.Build.0 = Debug|Any CPU
		{616AF00B-E806-402D-8188-3189365DFE62}.Release|Any CPU.ActiveCfg = Release|Any CPU
		{616AF00B-E806-402D-8188-3189365DFE62}.Release|Any CPU.Build.0 = Release|Any CPU
		{9878C3F4-107D-4923-8278-4D5A82BEFC44}.Debug|Any CPU.ActiveCfg = Debug|Any CPU
		{9878C3F4-107D-4923-8278-4D5A82BEFC44}.Debug|Any CPU.Build.0 = Debug|Any CPU
		{9878C3F4-107D-4923-8278-4D5A82BEFC44}.Release|Any CPU.ActiveCfg = Release|Any CPU
		{9878C3F4-107D-4923-8278-4D5A82BEFC44}.Release|Any CPU.Build.0 = Release|Any CPU
		{907B7A61-0901-4FC3-BA3D-F318AEF64A98}.Debug|Any CPU.ActiveCfg = Debug|Any CPU
		{907B7A61-0901-4FC3-BA3D-F318AEF64A98}.Debug|Any CPU.Build.0 = Debug|Any CPU
		{907B7A61-0901-4FC3-BA3D-F318AEF64A98}.Release|Any CPU.ActiveCfg = Release|Any CPU
		{907B7A61-0901-4FC3-BA3D-F318AEF64A98}.Release|Any CPU.Build.0 = Release|Any CPU
		{BC683689-9E7C-4426-849B-1FA31C521E83}.Debug|Any CPU.ActiveCfg = Debug|Any CPU
		{BC683689-9E7C-4426-849B-1FA31C521E83}.Debug|Any CPU.Build.0 = Debug|Any CPU
		{BC683689-9E7C-4426-849B-1FA31C521E83}.Release|Any CPU.ActiveCfg = Release|Any CPU
		{BC683689-9E7C-4426-849B-1FA31C521E83}.Release|Any CPU.Build.0 = Release|Any CPU
		{885A41DD-8699-4FC1-BD27-69E5011BCA69}.Debug|Any CPU.ActiveCfg = Debug|Any CPU
		{885A41DD-8699-4FC1-BD27-69E5011BCA69}.Debug|Any CPU.Build.0 = Debug|Any CPU
		{885A41DD-8699-4FC1-BD27-69E5011BCA69}.Release|Any CPU.ActiveCfg = Release|Any CPU
		{885A41DD-8699-4FC1-BD27-69E5011BCA69}.Release|Any CPU.Build.0 = Release|Any CPU
		{821FDBE2-8522-4C66-A7D5-45F954DF2B81}.Debug|Any CPU.ActiveCfg = Debug|Any CPU
		{821FDBE2-8522-4C66-A7D5-45F954DF2B81}.Debug|Any CPU.Build.0 = Debug|Any CPU
		{821FDBE2-8522-4C66-A7D5-45F954DF2B81}.Release|Any CPU.ActiveCfg = Release|Any CPU
		{821FDBE2-8522-4C66-A7D5-45F954DF2B81}.Release|Any CPU.Build.0 = Release|Any CPU
		{F9A87992-0446-44EB-A841-351FE0FCE1B3}.Debug|Any CPU.ActiveCfg = Debug|Any CPU
		{F9A87992-0446-44EB-A841-351FE0FCE1B3}.Debug|Any CPU.Build.0 = Debug|Any CPU
		{F9A87992-0446-44EB-A841-351FE0FCE1B3}.Release|Any CPU.ActiveCfg = Release|Any CPU
		{F9A87992-0446-44EB-A841-351FE0FCE1B3}.Release|Any CPU.Build.0 = Release|Any CPU
		{9C287B39-D45A-4DEF-94EF-F8E70EB2736D}.Debug|Any CPU.ActiveCfg = Debug|Any CPU
		{9C287B39-D45A-4DEF-94EF-F8E70EB2736D}.Debug|Any CPU.Build.0 = Debug|Any CPU
		{9C287B39-D45A-4DEF-94EF-F8E70EB2736D}.Release|Any CPU.ActiveCfg = Release|Any CPU
		{9C287B39-D45A-4DEF-94EF-F8E70EB2736D}.Release|Any CPU.Build.0 = Release|Any CPU
		{4289AA3E-3001-498F-84AE-33C9862F5D29}.Debug|Any CPU.ActiveCfg = Debug|Any CPU
		{4289AA3E-3001-498F-84AE-33C9862F5D29}.Debug|Any CPU.Build.0 = Debug|Any CPU
		{4289AA3E-3001-498F-84AE-33C9862F5D29}.Release|Any CPU.ActiveCfg = Release|Any CPU
		{4289AA3E-3001-498F-84AE-33C9862F5D29}.Release|Any CPU.Build.0 = Release|Any CPU
		{6AADFB04-1B28-4711-9AE8-5DDEF8114438}.Debug|Any CPU.ActiveCfg = Debug|Any CPU
		{6AADFB04-1B28-4711-9AE8-5DDEF8114438}.Debug|Any CPU.Build.0 = Debug|Any CPU
		{6AADFB04-1B28-4711-9AE8-5DDEF8114438}.Release|Any CPU.ActiveCfg = Release|Any CPU
		{6AADFB04-1B28-4711-9AE8-5DDEF8114438}.Release|Any CPU.Build.0 = Release|Any CPU
		{2CD262F9-7568-4988-9CC7-0A455F257B76}.Debug|Any CPU.ActiveCfg = Debug|Any CPU
		{2CD262F9-7568-4988-9CC7-0A455F257B76}.Debug|Any CPU.Build.0 = Debug|Any CPU
		{2CD262F9-7568-4988-9CC7-0A455F257B76}.Release|Any CPU.ActiveCfg = Release|Any CPU
		{2CD262F9-7568-4988-9CC7-0A455F257B76}.Release|Any CPU.Build.0 = Release|Any CPU
		{F3E5CC8D-94F7-406A-A5E7-DB77873EC6E7}.Debug|Any CPU.ActiveCfg = Debug|Any CPU
		{F3E5CC8D-94F7-406A-A5E7-DB77873EC6E7}.Debug|Any CPU.Build.0 = Debug|Any CPU
		{F3E5CC8D-94F7-406A-A5E7-DB77873EC6E7}.Release|Any CPU.ActiveCfg = Release|Any CPU
		{F3E5CC8D-94F7-406A-A5E7-DB77873EC6E7}.Release|Any CPU.Build.0 = Release|Any CPU
		{7495BF9C-AEA8-414C-A628-8515287CF885}.Debug|Any CPU.ActiveCfg = Debug|Any CPU
		{7495BF9C-AEA8-414C-A628-8515287CF885}.Debug|Any CPU.Build.0 = Debug|Any CPU
		{7495BF9C-AEA8-414C-A628-8515287CF885}.Release|Any CPU.ActiveCfg = Release|Any CPU
		{7495BF9C-AEA8-414C-A628-8515287CF885}.Release|Any CPU.Build.0 = Release|Any CPU
		{1D88D930-A22C-423E-90F5-8BF1B112F33C}.Debug|Any CPU.ActiveCfg = Debug|Any CPU
		{1D88D930-A22C-423E-90F5-8BF1B112F33C}.Debug|Any CPU.Build.0 = Debug|Any CPU
		{1D88D930-A22C-423E-90F5-8BF1B112F33C}.Release|Any CPU.ActiveCfg = Release|Any CPU
		{1D88D930-A22C-423E-90F5-8BF1B112F33C}.Release|Any CPU.Build.0 = Release|Any CPU
		{2D2535F1-1BF1-4EE5-BD83-0BDC8481C434}.Debug|Any CPU.ActiveCfg = Debug|Any CPU
		{2D2535F1-1BF1-4EE5-BD83-0BDC8481C434}.Debug|Any CPU.Build.0 = Debug|Any CPU
		{2D2535F1-1BF1-4EE5-BD83-0BDC8481C434}.Release|Any CPU.ActiveCfg = Release|Any CPU
		{2D2535F1-1BF1-4EE5-BD83-0BDC8481C434}.Release|Any CPU.Build.0 = Release|Any CPU
	EndGlobalSection
EndGlobal
