
Microsoft Visual Studio Solution File, Format Version 12.00
# Visual Studio Version 17
VisualStudioVersion = 17.0.31903.59
MinimumVisualStudioVersion = 10.0.40219.1
Project("{FAE04EC0-301F-11D3-BF4B-00C04F79EFBC}") = "UnitTestGeneration.Easy.App", "UnitTestGeneration.Easy.App\UnitTestGeneration.Easy.App.csproj", "{616AF00B-E806-402D-8188-3189365DFE62}"
EndProject
Project("{FAE04EC0-301F-11D3-BF4B-00C04F79EFBC}") = "UnitTestGeneration.Moderate.App", "UnitTestGeneration.Moderate.App\UnitTestGeneration.Moderate.App.csproj", "{9878C3F4-107D-4923-8278-4D5A82BEFC44}"
EndProject
Project("{FAE04EC0-301F-11D3-BF4B-00C04F79EFBC}") = "UnitTestGeneration.Difficult.App", "UnitTestGeneration.Difficult.App\UnitTestGeneration.Difficult.App.csproj", "{907B7A61-0901-4FC3-BA3D-F318AEF64A98}"
EndProject
Project("{FAE04EC0-301F-11D3-BF4B-00C04F79EFBC}") = "UnitTestGeneration.Easy.Tests.ChatGPT.Prompt1", "UnitTestGeneration.Easy.Tests.ChatGPT.Prompt1\UnitTestGeneration.Easy.Tests.ChatGPT.Prompt1.csproj", "{9C287B39-D45A-4DEF-94EF-F8E70EB2736D}"
EndProject
Project("{FAE04EC0-301F-11D3-BF4B-00C04F79EFBC}") = "UnitTestGeneration.Easy.Tests.Cloude", "UnitTestGeneration.Easy.Tests.Cloude\UnitTestGeneration.Easy.Tests.Cloude.csproj", "{4289AA3E-3001-498F-84AE-33C9862F5D29}"
EndProject
Project("{FAE04EC0-301F-11D3-BF4B-00C04F79EFBC}") = "UnitTestGeneration.Moderate.Tests.Gemini.Prompt1", "UnitTestGeneration.Moderate.Tests.Gemini.Prompt1\UnitTestGeneration.Moderate.Tests.Gemini.Prompt1.csproj", "{6AADFB04-1B28-4711-9AE8-5DDEF8114438}"
EndProject
Project("{FAE04EC0-301F-11D3-BF4B-00C04F79EFBC}") = "UnitTestGeneration.Moderate.Tests.Cloude", "UnitTestGeneration.Moderate.Tests.Cloude\UnitTestGeneration.Moderate.Tests.Cloude.csproj", "{F3E5CC8D-94F7-406A-A5E7-DB77873EC6E7}"
EndProject
Project("{FAE04EC0-301F-11D3-BF4B-00C04F79EFBC}") = "UnitTestGeneration.Difficult.Tests.Gemini.Prompt1", "UnitTestGeneration.Difficult.Tests.Gemini.Prompt1\UnitTestGeneration.Difficult.Tests.Gemini.Prompt1.csproj", "{7495BF9C-AEA8-414C-A628-8515287CF885}"
EndProject
Project("{FAE04EC0-301F-11D3-BF4B-00C04F79EFBC}") = "UnitTestGeneration.Difficult.Tests.Cloude", "UnitTestGeneration.Difficult.Tests.Cloude\UnitTestGeneration.Difficult.Tests.Cloude.csproj", "{1D88D930-A22C-423E-90F5-8BF1B112F33C}"
EndProject
Project("{FAE04EC0-301F-11D3-BF4B-00C04F79EFBC}") = "UnitTestGeneration.Difficult.Tests.ChatGPT", "UnitTestGeneration.Difficult.Tests.ChatGPT\UnitTestGeneration.Difficult.Tests.ChatGPT.csproj", "{2D2535F1-1BF1-4EE5-BD83-0BDC8481C434}"
EndProject
Project("{FAE04EC0-301F-11D3-BF4B-00C04F79EFBC}") = "UnitTestGeneration.Easy.Tests.Gemini.Prompt1", "UnitTestGeneration.Easy.Tests.Gemini.Prompt1\UnitTestGeneration.Easy.Tests.Gemini.Prompt1.csproj", "{86C5C6A1-5AF5-4C07-ABF2-A7ACBE6E4189}"
EndProject
Project("{FAE04EC0-301F-11D3-BF4B-00C04F79EFBC}") = "UnitTestGeneration.Easy.Tests.Gemini.Prompt2", "UnitTestGeneration.Easy.Tests.Gemini.Prompt2\UnitTestGeneration.Easy.Tests.Gemini.Prompt2.csproj", "{7B62D389-6A31-4667-B244-0ED56DCF3886}"
EndProject
Project("{FAE04EC0-301F-11D3-BF4B-00C04F79EFBC}") = "UnitTestGeneration.Easy.Tests.Gemini.Prompt3", "UnitTestGeneration.Easy.Tests.Gemini.Prompt3\UnitTestGeneration.Easy.Tests.Gemini.Prompt3.csproj", "{373914B6-06DC-4F7C-AB2C-2EDE437EA270}"
EndProject
Project("{FAE04EC0-301F-11D3-BF4B-00C04F79EFBC}") = "UnitTestGeneration.Moderate.Tests.Gemini.Prompt2", "UnitTestGeneration.Moderate.Tests.Gemini.Prompt2\UnitTestGeneration.Moderate.Tests.Gemini.Prompt2.csproj", "{B6604319-A64C-4F32-B98B-7B355DDE6441}"
EndProject
Project("{FAE04EC0-301F-11D3-BF4B-00C04F79EFBC}") = "UnitTestGeneration.Moderate.Tests.Gemini.Prompt3", "UnitTestGeneration.Moderate.Tests.Gemini.Prompt3\UnitTestGeneration.Moderate.Tests.Gemini.Prompt3.csproj", "{DAE612CA-A240-402C-9567-DD46FCBE740A}"
EndProject
Project("{FAE04EC0-301F-11D3-BF4B-00C04F79EFBC}") = "UnitTestGeneration.Difficult.Tests.Gemini.Prompt2", "UnitTestGeneration.Difficult.Tests.Gemini.Prompt2\UnitTestGeneration.Difficult.Tests.Gemini.Prompt2.csproj", "{54F5B2A4-CB1D-44B7-9660-0E474EE3E29D}"
EndProject
Project("{FAE04EC0-301F-11D3-BF4B-00C04F79EFBC}") = "UnitTestGeneration.Difficult.Tests.Gemini.Prompt3", "UnitTestGeneration.Difficult.Tests.Gemini.Prompt3\UnitTestGeneration.Difficult.Tests.Gemini.Prompt3.csproj", "{F51EE258-269D-41C9-80D6-61FF38878269}"
EndProject
Project("{FAE04EC0-301F-11D3-BF4B-00C04F79EFBC}") = "UnitTestGeneration.Easy.Tests.ChatGPT.Prompt2", "UnitTestGeneration.Easy.Tests.ChatGPT.Prompt2\UnitTestGeneration.Easy.Tests.ChatGPT.Prompt2.csproj", "{97C7FA74-8754-49F7-A0CB-C529B1BE3C8C}"
EndProject
Project("{FAE04EC0-301F-11D3-BF4B-00C04F79EFBC}") = "UnitTestGeneration.Easy.Tests.ChatGPT.Prompt3", "UnitTestGeneration.Easy.Tests.ChatGPT.Prompt3\UnitTestGeneration.Easy.Tests.ChatGPT.Prompt3.csproj", "{01503035-6032-4D77-8086-AD21D0752908}"
EndProject
Project("{FAE04EC0-301F-11D3-BF4B-00C04F79EFBC}") = "UnitTestGeneration.Moderate.Tests.ChatGPT.Prompt1", "UnitTestGeneration.Moderate.Tests.ChatGPT.Prompt1\UnitTestGeneration.Moderate.Tests.ChatGPT.Prompt1.csproj", "{7BBF10F0-714C-4145-9DFC-7F8A46DA4559}"
EndProject
Project("{FAE04EC0-301F-11D3-BF4B-00C04F79EFBC}") = "UnitTestGeneration.Moderate.Tests.ChatGPT.Prompt2", "UnitTestGeneration.Moderate.Tests.ChatGPT.Prompt2\UnitTestGeneration.Moderate.Tests.ChatGPT.Prompt2.csproj", "{38AE6593-556E-44FB-B108-92D6F2F5992C}"
EndProject
Project("{FAE04EC0-301F-11D3-BF4B-00C04F79EFBC}") = "UnitTestGeneration.Moderate.Tests.ChatGPT.Prompt3", "UnitTestGeneration.Moderate.Tests.ChatGPT.Prompt3\UnitTestGeneration.Moderate.Tests.ChatGPT.Prompt3.csproj", "{D847A1B2-F51E-41AF-B6D6-795C24B4D479}"
EndProject
Global
	GlobalSection(SolutionConfigurationPlatforms) = preSolution
		Debug|Any CPU = Debug|Any CPU
		Release|Any CPU = Release|Any CPU
	EndGlobalSection
	GlobalSection(SolutionProperties) = preSolution
		HideSolutionNode = FALSE
	EndGlobalSection
	GlobalSection(ProjectConfigurationPlatforms) = postSolution
		{616AF00B-E806-402D-8188-3189365DFE62}.Debug|Any CPU.ActiveCfg = Debug|Any CPU
		{616AF00B-E806-402D-8188-3189365DFE62}.Debug|Any CPU.Build.0 = Debug|Any CPU
		{616AF00B-E806-402D-8188-3189365DFE62}.Release|Any CPU.ActiveCfg = Release|Any CPU
		{616AF00B-E806-402D-8188-3189365DFE62}.Release|Any CPU.Build.0 = Release|Any CPU
		{9878C3F4-107D-4923-8278-4D5A82BEFC44}.Debug|Any CPU.ActiveCfg = Debug|Any CPU
		{9878C3F4-107D-4923-8278-4D5A82BEFC44}.Debug|Any CPU.Build.0 = Debug|Any CPU
		{9878C3F4-107D-4923-8278-4D5A82BEFC44}.Release|Any CPU.ActiveCfg = Release|Any CPU
		{9878C3F4-107D-4923-8278-4D5A82BEFC44}.Release|Any CPU.Build.0 = Release|Any CPU
		{907B7A61-0901-4FC3-BA3D-F318AEF64A98}.Debug|Any CPU.ActiveCfg = Debug|Any CPU
		{907B7A61-0901-4FC3-BA3D-F318AEF64A98}.Debug|Any CPU.Build.0 = Debug|Any CPU
		{907B7A61-0901-4FC3-BA3D-F318AEF64A98}.Release|Any CPU.ActiveCfg = Release|Any CPU
		{907B7A61-0901-4FC3-BA3D-F318AEF64A98}.Release|Any CPU.Build.0 = Release|Any CPU
		{9C287B39-D45A-4DEF-94EF-F8E70EB2736D}.Debug|Any CPU.ActiveCfg = Debug|Any CPU
		{9C287B39-D45A-4DEF-94EF-F8E70EB2736D}.Debug|Any CPU.Build.0 = Debug|Any CPU
		{9C287B39-D45A-4DEF-94EF-F8E70EB2736D}.Release|Any CPU.ActiveCfg = Release|Any CPU
		{9C287B39-D45A-4DEF-94EF-F8E70EB2736D}.Release|Any CPU.Build.0 = Release|Any CPU
		{4289AA3E-3001-498F-84AE-33C9862F5D29}.Debug|Any CPU.ActiveCfg = Debug|Any CPU
		{4289AA3E-3001-498F-84AE-33C9862F5D29}.Debug|Any CPU.Build.0 = Debug|Any CPU
		{4289AA3E-3001-498F-84AE-33C9862F5D29}.Release|Any CPU.ActiveCfg = Release|Any CPU
		{4289AA3E-3001-498F-84AE-33C9862F5D29}.Release|Any CPU.Build.0 = Release|Any CPU
		{6AADFB04-1B28-4711-9AE8-5DDEF8114438}.Debug|Any CPU.ActiveCfg = Debug|Any CPU
		{6AADFB04-1B28-4711-9AE8-5DDEF8114438}.Debug|Any CPU.Build.0 = Debug|Any CPU
		{6AADFB04-1B28-4711-9AE8-5DDEF8114438}.Release|Any CPU.ActiveCfg = Release|Any CPU
		{6AADFB04-1B28-4711-9AE8-5DDEF8114438}.Release|Any CPU.Build.0 = Release|Any CPU
		{F3E5CC8D-94F7-406A-A5E7-DB77873EC6E7}.Debug|Any CPU.ActiveCfg = Debug|Any CPU
		{F3E5CC8D-94F7-406A-A5E7-DB77873EC6E7}.Debug|Any CPU.Build.0 = Debug|Any CPU
		{F3E5CC8D-94F7-406A-A5E7-DB77873EC6E7}.Release|Any CPU.ActiveCfg = Release|Any CPU
		{F3E5CC8D-94F7-406A-A5E7-DB77873EC6E7}.Release|Any CPU.Build.0 = Release|Any CPU
		{7495BF9C-AEA8-414C-A628-8515287CF885}.Debug|Any CPU.ActiveCfg = Debug|Any CPU
		{7495BF9C-AEA8-414C-A628-8515287CF885}.Debug|Any CPU.Build.0 = Debug|Any CPU
		{7495BF9C-AEA8-414C-A628-8515287CF885}.Release|Any CPU.ActiveCfg = Release|Any CPU
		{7495BF9C-AEA8-414C-A628-8515287CF885}.Release|Any CPU.Build.0 = Release|Any CPU
		{1D88D930-A22C-423E-90F5-8BF1B112F33C}.Debug|Any CPU.ActiveCfg = Debug|Any CPU
		{1D88D930-A22C-423E-90F5-8BF1B112F33C}.Debug|Any CPU.Build.0 = Debug|Any CPU
		{1D88D930-A22C-423E-90F5-8BF1B112F33C}.Release|Any CPU.ActiveCfg = Release|Any CPU
		{1D88D930-A22C-423E-90F5-8BF1B112F33C}.Release|Any CPU.Build.0 = Release|Any CPU
		{2D2535F1-1BF1-4EE5-BD83-0BDC8481C434}.Debug|Any CPU.ActiveCfg = Debug|Any CPU
		{2D2535F1-1BF1-4EE5-BD83-0BDC8481C434}.Debug|Any CPU.Build.0 = Debug|Any CPU
		{2D2535F1-1BF1-4EE5-BD83-0BDC8481C434}.Release|Any CPU.ActiveCfg = Release|Any CPU
		{2D2535F1-1BF1-4EE5-BD83-0BDC8481C434}.Release|Any CPU.Build.0 = Release|Any CPU
		{86C5C6A1-5AF5-4C07-ABF2-A7ACBE6E4189}.Debug|Any CPU.ActiveCfg = Debug|Any CPU
		{86C5C6A1-5AF5-4C07-ABF2-A7ACBE6E4189}.Debug|Any CPU.Build.0 = Debug|Any CPU
		{86C5C6A1-5AF5-4C07-ABF2-A7ACBE6E4189}.Release|Any CPU.ActiveCfg = Release|Any CPU
		{86C5C6A1-5AF5-4C07-ABF2-A7ACBE6E4189}.Release|Any CPU.Build.0 = Release|Any CPU
		{7B62D389-6A31-4667-B244-0ED56DCF3886}.Debug|Any CPU.ActiveCfg = Debug|Any CPU
		{7B62D389-6A31-4667-B244-0ED56DCF3886}.Debug|Any CPU.Build.0 = Debug|Any CPU
		{7B62D389-6A31-4667-B244-0ED56DCF3886}.Release|Any CPU.ActiveCfg = Release|Any CPU
		{7B62D389-6A31-4667-B244-0ED56DCF3886}.Release|Any CPU.Build.0 = Release|Any CPU
		{373914B6-06DC-4F7C-AB2C-2EDE437EA270}.Debug|Any CPU.ActiveCfg = Debug|Any CPU
		{373914B6-06DC-4F7C-AB2C-2EDE437EA270}.Debug|Any CPU.Build.0 = Debug|Any CPU
		{373914B6-06DC-4F7C-AB2C-2EDE437EA270}.Release|Any CPU.ActiveCfg = Release|Any CPU
		{373914B6-06DC-4F7C-AB2C-2EDE437EA270}.Release|Any CPU.Build.0 = Release|Any CPU
		{B6604319-A64C-4F32-B98B-7B355DDE6441}.Debug|Any CPU.ActiveCfg = Debug|Any CPU
		{B6604319-A64C-4F32-B98B-7B355DDE6441}.Debug|Any CPU.Build.0 = Debug|Any CPU
		{B6604319-A64C-4F32-B98B-7B355DDE6441}.Release|Any CPU.ActiveCfg = Release|Any CPU
		{B6604319-A64C-4F32-B98B-7B355DDE6441}.Release|Any CPU.Build.0 = Release|Any CPU
		{DAE612CA-A240-402C-9567-DD46FCBE740A}.Debug|Any CPU.ActiveCfg = Debug|Any CPU
		{DAE612CA-A240-402C-9567-DD46FCBE740A}.Debug|Any CPU.Build.0 = Debug|Any CPU
		{DAE612CA-A240-402C-9567-DD46FCBE740A}.Release|Any CPU.ActiveCfg = Release|Any CPU
		{DAE612CA-A240-402C-9567-DD46FCBE740A}.Release|Any CPU.Build.0 = Release|Any CPU
		{54F5B2A4-CB1D-44B7-9660-0E474EE3E29D}.Debug|Any CPU.ActiveCfg = Debug|Any CPU
		{54F5B2A4-CB1D-44B7-9660-0E474EE3E29D}.Debug|Any CPU.Build.0 = Debug|Any CPU
		{54F5B2A4-CB1D-44B7-9660-0E474EE3E29D}.Release|Any CPU.ActiveCfg = Release|Any CPU
		{54F5B2A4-CB1D-44B7-9660-0E474EE3E29D}.Release|Any CPU.Build.0 = Release|Any CPU
		{F51EE258-269D-41C9-80D6-61FF38878269}.Debug|Any CPU.ActiveCfg = Debug|Any CPU
		{F51EE258-269D-41C9-80D6-61FF38878269}.Debug|Any CPU.Build.0 = Debug|Any CPU
		{F51EE258-269D-41C9-80D6-61FF38878269}.Release|Any CPU.ActiveCfg = Release|Any CPU
		{F51EE258-269D-41C9-80D6-61FF38878269}.Release|Any CPU.Build.0 = Release|Any CPU
		{97C7FA74-8754-49F7-A0CB-C529B1BE3C8C}.Debug|Any CPU.ActiveCfg = Debug|Any CPU
		{97C7FA74-8754-49F7-A0CB-C529B1BE3C8C}.Debug|Any CPU.Build.0 = Debug|Any CPU
		{97C7FA74-8754-49F7-A0CB-C529B1BE3C8C}.Release|Any CPU.ActiveCfg = Release|Any CPU
		{97C7FA74-8754-49F7-A0CB-C529B1BE3C8C}.Release|Any CPU.Build.0 = Release|Any CPU
		{01503035-6032-4D77-8086-AD21D0752908}.Debug|Any CPU.ActiveCfg = Debug|Any CPU
		{01503035-6032-4D77-8086-AD21D0752908}.Debug|Any CPU.Build.0 = Debug|Any CPU
		{01503035-6032-4D77-8086-AD21D0752908}.Release|Any CPU.ActiveCfg = Release|Any CPU
		{01503035-6032-4D77-8086-AD21D0752908}.Release|Any CPU.Build.0 = Release|Any CPU
		{7BBF10F0-714C-4145-9DFC-7F8A46DA4559}.Debug|Any CPU.ActiveCfg = Debug|Any CPU
		{7BBF10F0-714C-4145-9DFC-7F8A46DA4559}.Debug|Any CPU.Build.0 = Debug|Any CPU
		{7BBF10F0-714C-4145-9DFC-7F8A46DA4559}.Release|Any CPU.ActiveCfg = Release|Any CPU
		{7BBF10F0-714C-4145-9DFC-7F8A46DA4559}.Release|Any CPU.Build.0 = Release|Any CPU
		{38AE6593-556E-44FB-B108-92D6F2F5992C}.Debug|Any CPU.ActiveCfg = Debug|Any CPU
		{38AE6593-556E-44FB-B108-92D6F2F5992C}.Debug|Any CPU.Build.0 = Debug|Any CPU
		{38AE6593-556E-44FB-B108-92D6F2F5992C}.Release|Any CPU.ActiveCfg = Release|Any CPU
		{38AE6593-556E-44FB-B108-92D6F2F5992C}.Release|Any CPU.Build.0 = Release|Any CPU
		{D847A1B2-F51E-41AF-B6D6-795C24B4D479}.Debug|Any CPU.ActiveCfg = Debug|Any CPU
		{D847A1B2-F51E-41AF-B6D6-795C24B4D479}.Debug|Any CPU.Build.0 = Debug|Any CPU
		{D847A1B2-F51E-41AF-B6D6-795C24B4D479}.Release|Any CPU.ActiveCfg = Release|Any CPU
		{D847A1B2-F51E-41AF-B6D6-795C24B4D479}.Release|Any CPU.Build.0 = Release|Any CPU
	EndGlobalSection
EndGlobal
